
Microsoft Visual Studio Solution File, Format Version 12.00
# Visual Studio Version 16
VisualStudioVersion = 16.0.29905.134
MinimumVisualStudioVersion = 10.0.40219.1
Project("{E24C65DC-7377-472B-9ABA-BC803B73C61A}") = "BlockChainService", "BlockChainService\", "{208EC499-499B-4069-B791-7BE8A0EB7AFE}"
	ProjectSection(WebsiteProperties) = preProject
		TargetFrameworkMoniker = ".NETFramework,Version%3Dv4.7.2"
		ProjectReferences = ""
		Debug.AspNetCompiler.VirtualPath = "/localhost_52574"
		Debug.AspNetCompiler.PhysicalPath = "BlockChainService\"
		Debug.AspNetCompiler.TargetPath = "PrecompiledWeb\localhost_52574\"
		Debug.AspNetCompiler.Updateable = "true"
		Debug.AspNetCompiler.ForceOverwrite = "true"
		Debug.AspNetCompiler.FixedNames = "false"
		Debug.AspNetCompiler.Debug = "True"
		Release.AspNetCompiler.VirtualPath = "/localhost_52574"
		Release.AspNetCompiler.PhysicalPath = "BlockChainService\"
		Release.AspNetCompiler.TargetPath = "PrecompiledWeb\localhost_52574\"
		Release.AspNetCompiler.Updateable = "true"
		Release.AspNetCompiler.ForceOverwrite = "true"
		Release.AspNetCompiler.FixedNames = "false"
		Release.AspNetCompiler.Debug = "False"
		VWDPort = "52574"
		SlnRelativePath = "BlockChainService\"
		DefaultWebSiteLanguage = "Visual C#"
	EndProjectSection
EndProject
Project("{FAE04EC0-301F-11D3-BF4B-00C04F79EFBC}") = "BlockChainEXE", "BlockChainEXE\BlockChainEXE.csproj", "{0A8B148D-A0E5-4BFC-8C63-4860DA5EA148}"
EndProject
Project("{FAE04EC0-301F-11D3-BF4B-00C04F79EFBC}") = "BlockChainTest", "BlockChainTest\BlockChainTest.csproj", "{0C18D29E-8992-4942-8A5A-126886AC145A}"
EndProject
Project("{FAE04EC0-301F-11D3-BF4B-00C04F79EFBC}") = "BlockChainLib", "BlockChainLib\BlockChainLib.csproj", "{5F187D26-842D-4526-A88C-7ADBFCE6FC66}"
EndProject
Global
	GlobalSection(SolutionConfigurationPlatforms) = preSolution
		Debug|Any CPU = Debug|Any CPU
		Release|Any CPU = Release|Any CPU
	EndGlobalSection
	GlobalSection(ProjectConfigurationPlatforms) = postSolution
		{208EC499-499B-4069-B791-7BE8A0EB7AFE}.Debug|Any CPU.ActiveCfg = Debug|Any CPU
		{208EC499-499B-4069-B791-7BE8A0EB7AFE}.Debug|Any CPU.Build.0 = Debug|Any CPU
		{208EC499-499B-4069-B791-7BE8A0EB7AFE}.Release|Any CPU.ActiveCfg = Debug|Any CPU
		{208EC499-499B-4069-B791-7BE8A0EB7AFE}.Release|Any CPU.Build.0 = Debug|Any CPU
		{0A8B148D-A0E5-4BFC-8C63-4860DA5EA148}.Debug|Any CPU.ActiveCfg = Debug|Any CPU
		{0A8B148D-A0E5-4BFC-8C63-4860DA5EA148}.Debug|Any CPU.Build.0 = Debug|Any CPU
		{0A8B148D-A0E5-4BFC-8C63-4860DA5EA148}.Release|Any CPU.ActiveCfg = Release|Any CPU
		{0A8B148D-A0E5-4BFC-8C63-4860DA5EA148}.Release|Any CPU.Build.0 = Release|Any CPU
		{0C18D29E-8992-4942-8A5A-126886AC145A}.Debug|Any CPU.ActiveCfg = Debug|Any CPU
		{0C18D29E-8992-4942-8A5A-126886AC145A}.Debug|Any CPU.Build.0 = Debug|Any CPU
		{0C18D29E-8992-4942-8A5A-126886AC145A}.Release|Any CPU.ActiveCfg = Release|Any CPU
		{0C18D29E-8992-4942-8A5A-126886AC145A}.Release|Any CPU.Build.0 = Release|Any CPU
		{5F187D26-842D-4526-A88C-7ADBFCE6FC66}.Debug|Any CPU.ActiveCfg = Debug|Any CPU
		{5F187D26-842D-4526-A88C-7ADBFCE6FC66}.Debug|Any CPU.Build.0 = Debug|Any CPU
		{5F187D26-842D-4526-A88C-7ADBFCE6FC66}.Release|Any CPU.ActiveCfg = Release|Any CPU
		{5F187D26-842D-4526-A88C-7ADBFCE6FC66}.Release|Any CPU.Build.0 = Release|Any CPU
	EndGlobalSection
	GlobalSection(SolutionProperties) = preSolution
		HideSolutionNode = FALSE
	EndGlobalSection
	GlobalSection(ExtensibilityGlobals) = postSolution
		SolutionGuid = {FCDE1EBA-9531-45B5-8098-E59419352544}
	EndGlobalSection
EndGlobal
